
Microsoft Visual Studio Solution File, Format Version 12.00
# Visual Studio 2012
Project("{8BC9CEB8-8B4A-11D0-8D11-00A0C91BC942}") = "BeautyAndBeast", "BeautyAndBeast.vcxproj", "{B9E98DFC-A4F8-4D08-A717-923AFE7744D7}"
EndProject
Global
	GlobalSection(SolutionConfigurationPlatforms) = preSolution
		beauty|Win32 = beauty|Win32
		Debug|Win32 = Debug|Win32
		dragon|Win32 = dragon|Win32
		fbook|Win32 = fbook|Win32
		fruit|Win32 = fruit|Win32
		Game|Win32 = Game|Win32
		Motors|Win32 = Motors|Win32
		Release|Win32 = Release|Win32
		RotateOfTheDragon|Win32 = RotateOfTheDragon|Win32
		wheel|Win32 = wheel|Win32
	EndGlobalSection
	GlobalSection(ProjectConfigurationPlatforms) = postSolution
		{B9E98DFC-A4F8-4D08-A717-923AFE7744D7}.beauty|Win32.ActiveCfg = beauty|Win32
		{B9E98DFC-A4F8-4D08-A717-923AFE7744D7}.beauty|Win32.Build.0 = beauty|Win32
		{B9E98DFC-A4F8-4D08-A717-923AFE7744D7}.Debug|Win32.ActiveCfg = Debug|Win32
		{B9E98DFC-A4F8-4D08-A717-923AFE7744D7}.Debug|Win32.Build.0 = Debug|Win32
		{B9E98DFC-A4F8-4D08-A717-923AFE7744D7}.dragon|Win32.ActiveCfg = dragon|Win32
		{B9E98DFC-A4F8-4D08-A717-923AFE7744D7}.dragon|Win32.Build.0 = dragon|Win32
		{B9E98DFC-A4F8-4D08-A717-923AFE7744D7}.fbook|Win32.ActiveCfg = fbook|Win32
		{B9E98DFC-A4F8-4D08-A717-923AFE7744D7}.fbook|Win32.Build.0 = fbook|Win32
		{B9E98DFC-A4F8-4D08-A717-923AFE7744D7}.fruit|Win32.ActiveCfg = fruit|Win32
		{B9E98DFC-A4F8-4D08-A717-923AFE7744D7}.fruit|Win32.Build.0 = fruit|Win32
		{B9E98DFC-A4F8-4D08-A717-923AFE7744D7}.Game|Win32.ActiveCfg = Game|Win32
		{B9E98DFC-A4F8-4D08-A717-923AFE7744D7}.Game|Win32.Build.0 = Game|Win32
		{B9E98DFC-A4F8-4D08-A717-923AFE7744D7}.Motors|Win32.ActiveCfg = Motors|Win32
		{B9E98DFC-A4F8-4D08-A717-923AFE7744D7}.Motors|Win32.Build.0 = Motors|Win32
		{B9E98DFC-A4F8-4D08-A717-923AFE7744D7}.Release|Win32.ActiveCfg = Release|Win32
		{B9E98DFC-A4F8-4D08-A717-923AFE7744D7}.Release|Win32.Build.0 = Release|Win32
		{B9E98DFC-A4F8-4D08-A717-923AFE7744D7}.RotateOfTheDragon|Win32.ActiveCfg = wheel|Win32
		{B9E98DFC-A4F8-4D08-A717-923AFE7744D7}.RotateOfTheDragon|Win32.Build.0 = wheel|Win32
		{B9E98DFC-A4F8-4D08-A717-923AFE7744D7}.wheel|Win32.ActiveCfg = wheel|Win32
		{B9E98DFC-A4F8-4D08-A717-923AFE7744D7}.wheel|Win32.Build.0 = wheel|Win32
	EndGlobalSection
	GlobalSection(SolutionProperties) = preSolution
		HideSolutionNode = FALSE
	EndGlobalSection
EndGlobal
