<?xml version="1.0" encoding="utf-8"?>
<Project ToolsVersion="4.0" xmlns="http://schemas.microsoft.com/developer/msbuild/2003">
  <ItemGroup>
    <Filter Include="源文件">
      <UniqueIdentifier>{4FC737F1-C7A5-4376-A066-2A32D752A2FF}</UniqueIdentifier>
      <Extensions>cpp;c;cc;cxx;def;odl;idl;hpj;bat;asm;asmx</Extensions>
    </Filter>
    <Filter Include="头文件">
      <UniqueIdentifier>{93995380-89BD-4b04-88EB-625FBE52EBFB}</UniqueIdentifier>
      <Extensions>h;hpp;hxx;hm;inl;inc;xsd</Extensions>
    </Filter>
    <Filter Include="资源文件">
      <UniqueIdentifier>{67DA6AB6-F800-4c08-8B7A-83BB121AAD01}</UniqueIdentifier>
      <Extensions>rc;ico;cur;bmp;dlg;rc2;rct;bin;rgs;gif;jpg;jpeg;jpe;resx;tiff;tif;png;wav;mfcribbon-ms</Extensions>
    </Filter>
    <Filter Include="common">
      <UniqueIdentifier>{15a0838e-5379-4d19-b9c1-2b000e17ac24}</UniqueIdentifier>
    </Filter>
    <Filter Include="common\源文件">
      <UniqueIdentifier>{9eb8ee3b-e004-4291-8cbb-d6bf480eb884}</UniqueIdentifier>
    </Filter>
    <Filter Include="common\头文件">
      <UniqueIdentifier>{2838378e-0a9f-4a98-8457-05505edf6c46}</UniqueIdentifier>
    </Filter>
  </ItemGroup>
  <ItemGroup>
    <ClCompile Include="..\game_service_base\msg_client_common.cpp">
      <Filter>common\源文件</Filter>
    </ClCompile>
    <ClCompile Include="game_player.cpp">
      <Filter>源文件</Filter>
    </ClCompile>
    <ClCompile Include="game_logic.cpp">
      <Filter>源文件</Filter>
    </ClCompile>
    <ClCompile Include="service.cpp">
      <Filter>源文件</Filter>
    </ClCompile>
    <ClCompile Include="..\game_service_base\main.cpp">
      <Filter>common\源文件</Filter>
    </ClCompile>
    <ClCompile Include="msg_client.cpp">
      <Filter>源文件</Filter>
    </ClCompile>
  </ItemGroup>
  <ItemGroup>
    <ClInclude Include="..\game_service_base\game_ids.h">
      <Filter>common\头文件</Filter>
    </ClInclude>
    <ClInclude Include="..\game_service_base\game_service_base.h">
      <Filter>common\头文件</Filter>
    </ClInclude>
    <ClInclude Include="..\game_service_base\msg_client_common.h">
      <Filter>common\头文件</Filter>
    </ClInclude>
    <ClInclude Include="..\game_service_base\msg_server_common.h">
      <Filter>common\头文件</Filter>
    </ClInclude>
    <ClInclude Include="game_config.h">
      <Filter>头文件</Filter>
    </ClInclude>
    <ClInclude Include="game_player.h">
      <Filter>头文件</Filter>
    </ClInclude>
    <ClInclude Include="game_logic.h">
      <Filter>头文件</Filter>
    </ClInclude>
    <ClInclude Include="service.h">
      <Filter>头文件</Filter>
    </ClInclude>
    <ClInclude Include="..\dependencies\net_service.h">
      <Filter>common\头文件</Filter>
    </ClInclude>
    <ClInclude Include="msg_client.h">
      <Filter>头文件</Filter>
    </ClInclude>
    <ClInclude Include="msg_server.h">
      <Filter>头文件</Filter>
    </ClInclude>
  </ItemGroup>
</Project>