<?xml version="1.0" encoding="utf-8"?>
<Project ToolsVersion="4.0" xmlns="http://schemas.microsoft.com/developer/msbuild/2003">
  <ItemGroup>
    <Filter Include="Source Files">
      <UniqueIdentifier>{4FC737F1-C7A5-4376-A066-2A32D752A2FF}</UniqueIdentifier>
      <Extensions>cpp;c;cc;cxx;def;odl;idl;hpj;bat;asm;asmx</Extensions>
    </Filter>
    <Filter Include="Header Files">
      <UniqueIdentifier>{93995380-89BD-4b04-88EB-625FBE52EBFB}</UniqueIdentifier>
      <Extensions>h;hpp;hxx;hm;inl;inc;xsd</Extensions>
    </Filter>
    <Filter Include="Resource Files">
      <UniqueIdentifier>{67DA6AB6-F800-4c08-8B7A-83BB121AAD01}</UniqueIdentifier>
      <Extensions>rc;ico;cur;bmp;dlg;rc2;rct;bin;rgs;gif;jpg;jpeg;jpe;resx;tiff;tif;png;wav;mfcribbon-ms</Extensions>
    </Filter>
  </ItemGroup>
  <ItemGroup>
    <None Include="ReadMe.txt" />
  </ItemGroup>
  <ItemGroup>
    <ClInclude Include="msg_client.h">
      <Filter>Header Files</Filter>
    </ClInclude>
    <ClInclude Include="player.h">
      <Filter>Header Files</Filter>
    </ClInclude>
    <ClInclude Include="error.h">
      <Filter>Header Files</Filter>
    </ClInclude>
    <ClInclude Include="msg_server.h">
      <Filter>Header Files</Filter>
    </ClInclude>
    <ClInclude Include="game_channel.h">
      <Filter>Header Files</Filter>
    </ClInclude>
    <ClInclude Include="koko_socket.h">
      <Filter>Header Files</Filter>
    </ClInclude>
    <ClInclude Include="server_config.h">
      <Filter>Header Files</Filter>
    </ClInclude>
    <ClInclude Include="..\..\game_service_base\http_request.h">
      <Filter>Header Files</Filter>
    </ClInclude>
    <ClInclude Include="match.h">
      <Filter>Header Files</Filter>
    </ClInclude>
    <ClInclude Include="match_msg.h">
      <Filter>Header Files</Filter>
    </ClInclude>
    <ClInclude Include="..\..\game_service_base\memcache_defines.h">
      <Filter>Header Files</Filter>
    </ClInclude>
    <ClInclude Include="game_srv_socket.h">
      <Filter>Header Files</Filter>
    </ClInclude>
  </ItemGroup>
  <ItemGroup>
    <ClCompile Include="msg_client.cpp">
      <Filter>Header Files</Filter>
    </ClCompile>
    <ClCompile Include="game_channel.cpp">
      <Filter>Header Files</Filter>
    </ClCompile>
    <ClCompile Include="player.cpp">
      <Filter>Header Files</Filter>
    </ClCompile>
    <ClCompile Include="koko_socket.cpp">
      <Filter>Header Files</Filter>
    </ClCompile>
    <ClCompile Include="match.cpp">
      <Filter>Header Files</Filter>
    </ClCompile>
    <ClCompile Include="KoKo.cpp">
      <Filter>Header Files</Filter>
    </ClCompile>
    <ClCompile Include="..\..\md5\md5.cpp">
      <Filter>Header Files</Filter>
    </ClCompile>
    <ClCompile Include="game_srv_socket.cpp">
      <Filter>Source Files</Filter>
    </ClCompile>
  </ItemGroup>
</Project>